{
  "originHash" : "cf53ff0b901d56d6a80e0cd21c20586eae941e8f92f5172df239222135a0db06",
  "pins" : [
    {
      "identity" : "syzygy-foundation-ios",
      "kind" : "remoteSourceControl",
      "location" : "https://github.com/Syzygy-Hub/syzygy-foundation-ios",
      "state" : {
        "revision" : "93b47869c991aa3b7dfaa46da720e75cf7cd7c68",
        "version" : "1.2.0"
      }
    }
  ],
  "version" : 3
}
